// !$*UTF8*$!
{
	archiveVersion = 1;
	classes = {
	};
	objectVersion = 48;
	objects = {

/* Begin PBXBuildFile section */
		18DF1A9C200881960061835C /* AppDelegate.swift in Sources */ = {isa = PBXBuildFile; fileRef = 18DF1A9B200881960061835C /* AppDelegate.swift */; };
		18DF1AA1200881960061835C /* Main.storyboard in Resources */ = {isa = PBXBuildFile; fileRef = 18DF1A9F200881960061835C /* Main.storyboard */; };
		18DF1AA3200881960061835C /* Assets.xcassets in Resources */ = {isa = PBXBuildFile; fileRef = 18DF1AA2200881960061835C /* Assets.xcassets */; };
		18DF1AA6200881960061835C /* LaunchScreen.storyboard in Resources */ = {isa = PBXBuildFile; fileRef = 18DF1AA4200881960061835C /* LaunchScreen.storyboard */; };
		18DF1AB42008823C0061835C /* ConverterInteractor.swift in Sources */ = {isa = PBXBuildFile; fileRef = 18DF1AAE2008823C0061835C /* ConverterInteractor.swift */; };
		18DF1AB52008823C0061835C /* ConverterModels.swift in Sources */ = {isa = PBXBuildFile; fileRef = 18DF1AAF2008823C0061835C /* ConverterModels.swift */; };
		18DF1AB62008823C0061835C /* ConverterPresenter.swift in Sources */ = {isa = PBXBuildFile; fileRef = 18DF1AB02008823C0061835C /* ConverterPresenter.swift */; };
		18DF1AB82008823C0061835C /* ConverterViewController.swift in Sources */ = {isa = PBXBuildFile; fileRef = 18DF1AB22008823C0061835C /* ConverterViewController.swift */; };
		18DF1AB92008823C0061835C /* ConverterWorker.swift in Sources */ = {isa = PBXBuildFile; fileRef = 18DF1AB32008823C0061835C /* ConverterWorker.swift */; };
		459098F3C5A5B7B3E8DAA779 /* Pods_CurrencyConverter.framework in Frameworks */ = {isa = PBXBuildFile; fileRef = ACD48ECA04CDAED4675E6100 /* Pods_CurrencyConverter.framework */; };
		F17DBC062008DB8500161F1A /* RequestManager.swift in Sources */ = {isa = PBXBuildFile; fileRef = F17DBC022008DB8400161F1A /* RequestManager.swift */; };
		F17DBC082008DB8500161F1A /* RealAPI.swift in Sources */ = {isa = PBXBuildFile; fileRef = F17DBC042008DB8400161F1A /* RealAPI.swift */; };
		F17DBC092008DB8500161F1A /* NetworkHttpClient.swift in Sources */ = {isa = PBXBuildFile; fileRef = F17DBC052008DB8400161F1A /* NetworkHttpClient.swift */; };
		F17DBC0D2008E0D900161F1A /* AppSettingsManager.swift in Sources */ = {isa = PBXBuildFile; fileRef = F17DBC0B2008E0D900161F1A /* AppSettingsManager.swift */; };
		F17DBC0E2008E0D900161F1A /* AppSettings.swift in Sources */ = {isa = PBXBuildFile; fileRef = F17DBC0C2008E0D900161F1A /* AppSettings.swift */; };
		F17DBC112008E0F600161F1A /* AppSettings.plist in Resources */ = {isa = PBXBuildFile; fileRef = F17DBC102008E0F600161F1A /* AppSettings.plist */; };
		F17DBC142008E27600161F1A /* Constants.swift in Sources */ = {isa = PBXBuildFile; fileRef = F17DBC132008E27600161F1A /* Constants.swift */; };
		F17DBC16200CBEBF00161F1A /* NVActivityIndicatorView.framework in Frameworks */ = {isa = PBXBuildFile; fileRef = F17DBC17200CBEBF00161F1A /* NVActivityIndicatorView.framework */; };
/* End PBXBuildFile section */

/* Begin PBXFileReference section */
		18DF1A98200881960061835C /* CurrencyConverter.app */ = {isa = PBXFileReference; explicitFileType = wrapper.application; includeInIndex = 0; path = CurrencyConverter.app; sourceTree = BUILT_PRODUCTS_DIR; };
		18DF1A9B200881960061835C /* AppDelegate.swift */ = {isa = PBXFileReference; lastKnownFileType = sourcecode.swift; path = AppDelegate.swift; sourceTree = "<group>"; };
		18DF1AA0200881960061835C /* Base */ = {isa = PBXFileReference; lastKnownFileType = file.storyboard; name = Base; path = Base.lproj/Main.storyboard; sourceTree = "<group>"; };
		18DF1AA2200881960061835C /* Assets.xcassets */ = {isa = PBXFileReference; lastKnownFileType = folder.assetcatalog; path = Assets.xcassets; sourceTree = "<group>"; };
		18DF1AA5200881960061835C /* Base */ = {isa = PBXFileReference; lastKnownFileType = file.storyboard; name = Base; path = Base.lproj/LaunchScreen.storyboard; sourceTree = "<group>"; };
		18DF1AA7200881960061835C /* Info.plist */ = {isa = PBXFileReference; lastKnownFileType = text.plist.xml; path = Info.plist; sourceTree = "<group>"; };
		18DF1AAE2008823C0061835C /* ConverterInteractor.swift */ = {isa = PBXFileReference; lastKnownFileType = sourcecode.swift; path = ConverterInteractor.swift; sourceTree = "<group>"; };
		18DF1AAF2008823C0061835C /* ConverterModels.swift */ = {isa = PBXFileReference; lastKnownFileType = sourcecode.swift; path = ConverterModels.swift; sourceTree = "<group>"; };
		18DF1AB02008823C0061835C /* ConverterPresenter.swift */ = {isa = PBXFileReference; lastKnownFileType = sourcecode.swift; path = ConverterPresenter.swift; sourceTree = "<group>"; };
		18DF1AB22008823C0061835C /* ConverterViewController.swift */ = {isa = PBXFileReference; lastKnownFileType = sourcecode.swift; path = ConverterViewController.swift; sourceTree = "<group>"; };
		18DF1AB32008823C0061835C /* ConverterWorker.swift */ = {isa = PBXFileReference; lastKnownFileType = sourcecode.swift; path = ConverterWorker.swift; sourceTree = "<group>"; };
		4D3521677444EB16D11557D6 /* Pods-CurrencyConverter.release.xcconfig */ = {isa = PBXFileReference; includeInIndex = 1; lastKnownFileType = text.xcconfig; name = "Pods-CurrencyConverter.release.xcconfig"; path = "Pods/Target Support Files/Pods-CurrencyConverter/Pods-CurrencyConverter.release.xcconfig"; sourceTree = "<group>"; };
		93194F7E01C634786FB788DE /* Pods-CurrencyConverter.debug.xcconfig */ = {isa = PBXFileReference; includeInIndex = 1; lastKnownFileType = text.xcconfig; name = "Pods-CurrencyConverter.debug.xcconfig"; path = "Pods/Target Support Files/Pods-CurrencyConverter/Pods-CurrencyConverter.debug.xcconfig"; sourceTree = "<group>"; };
		ACD48ECA04CDAED4675E6100 /* Pods_CurrencyConverter.framework */ = {isa = PBXFileReference; explicitFileType = wrapper.framework; includeInIndex = 0; path = Pods_CurrencyConverter.framework; sourceTree = BUILT_PRODUCTS_DIR; };
		F17DBC022008DB8400161F1A /* RequestManager.swift */ = {isa = PBXFileReference; fileEncoding = 4; lastKnownFileType = sourcecode.swift; path = RequestManager.swift; sourceTree = "<group>"; };
		F17DBC042008DB8400161F1A /* RealAPI.swift */ = {isa = PBXFileReference; fileEncoding = 4; lastKnownFileType = sourcecode.swift; path = RealAPI.swift; sourceTree = "<group>"; };
		F17DBC052008DB8400161F1A /* NetworkHttpClient.swift */ = {isa = PBXFileReference; fileEncoding = 4; lastKnownFileType = sourcecode.swift; path = NetworkHttpClient.swift; sourceTree = "<group>"; };
		F17DBC0B2008E0D900161F1A /* AppSettingsManager.swift */ = {isa = PBXFileReference; fileEncoding = 4; lastKnownFileType = sourcecode.swift; path = AppSettingsManager.swift; sourceTree = "<group>"; };
		F17DBC0C2008E0D900161F1A /* AppSettings.swift */ = {isa = PBXFileReference; fileEncoding = 4; lastKnownFileType = sourcecode.swift; path = AppSettings.swift; sourceTree = "<group>"; };
		F17DBC102008E0F600161F1A /* AppSettings.plist */ = {isa = PBXFileReference; fileEncoding = 4; lastKnownFileType = text.plist.xml; path = AppSettings.plist; sourceTree = "<group>"; };
		F17DBC132008E27600161F1A /* Constants.swift */ = {isa = PBXFileReference; fileEncoding = 4; lastKnownFileType = sourcecode.swift; path = Constants.swift; sourceTree = "<group>"; };
		F17DBC17200CBEBF00161F1A /* NVActivityIndicatorView.framework */ = {isa = PBXFileReference; explicitFileType = wrapper.framework; path = NVActivityIndicatorView.framework; sourceTree = BUILT_PRODUCTS_DIR; };
/* End PBXFileReference section */

/* Begin PBXFrameworksBuildPhase section */
		18DF1A95200881960061835C /* Frameworks */ = {
			isa = PBXFrameworksBuildPhase;
			buildActionMask = 2147483647;
			files = (
				F17DBC16200CBEBF00161F1A /* NVActivityIndicatorView.framework in Frameworks */,
				459098F3C5A5B7B3E8DAA779 /* Pods_CurrencyConverter.framework in Frameworks */,
			);
			runOnlyForDeploymentPostprocessing = 0;
		};
/* End PBXFrameworksBuildPhase section */

/* Begin PBXGroup section */
		18DF1A8F200881960061835C = {
			isa = PBXGroup;
			children = (
				18DF1A9A200881960061835C /* CurrencyConverter */,
				18DF1A99200881960061835C /* Products */,
				2B0CE9AC2E77B8DBBF49B9CE /* Pods */,
				AA8CB5A2C0E69C2736C0A847 /* Frameworks */,
			);
			sourceTree = "<group>";
		};
		18DF1A99200881960061835C /* Products */ = {
			isa = PBXGroup;
			children = (
				18DF1A98200881960061835C /* CurrencyConverter.app */,
			);
			name = Products;
			sourceTree = "<group>";
		};
		18DF1A9A200881960061835C /* CurrencyConverter */ = {
			isa = PBXGroup;
			children = (
				F17DBC122008E26800161F1A /* Helpers */,
				18DF1AA7200881960061835C /* Info.plist */,
				18DF1A9B200881960061835C /* AppDelegate.swift */,
				18DF1AA2200881960061835C /* Assets.xcassets */,
				F17DBC0A2008E0BE00161F1A /* AppSettings */,
				18DF1AA4200881960061835C /* LaunchScreen.storyboard */,
				18DF1A9F200881960061835C /* Main.storyboard */,
				F17DBC012008DB8400161F1A /* NetworkManager */,
				F17DBC0F2008E0E200161F1A /* Resources */,
				18DF1AAD200881AF0061835C /* Scenes */,
			);
			path = CurrencyConverter;
			sourceTree = "<group>";
		};
		18DF1AAD200881AF0061835C /* Scenes */ = {
			isa = PBXGroup;
			children = (
				18DF1AAE2008823C0061835C /* ConverterInteractor.swift */,
				18DF1AAF2008823C0061835C /* ConverterModels.swift */,
				18DF1AB02008823C0061835C /* ConverterPresenter.swift */,
				18DF1AB22008823C0061835C /* ConverterViewController.swift */,
				18DF1AB32008823C0061835C /* ConverterWorker.swift */,
			);
			path = Scenes;
			sourceTree = "<group>";
		};
		2B0CE9AC2E77B8DBBF49B9CE /* Pods */ = {
			isa = PBXGroup;
			children = (
				93194F7E01C634786FB788DE /* Pods-CurrencyConverter.debug.xcconfig */,
				4D3521677444EB16D11557D6 /* Pods-CurrencyConverter.release.xcconfig */,
			);
			name = Pods;
			sourceTree = "<group>";
		};
		AA8CB5A2C0E69C2736C0A847 /* Frameworks */ = {
			isa = PBXGroup;
			children = (
				F17DBC17200CBEBF00161F1A /* NVActivityIndicatorView.framework */,
				ACD48ECA04CDAED4675E6100 /* Pods_CurrencyConverter.framework */,
			);
			name = Frameworks;
			sourceTree = "<group>";
		};
		F17DBC012008DB8400161F1A /* NetworkManager */ = {
			isa = PBXGroup;
			children = (
				F17DBC022008DB8400161F1A /* RequestManager.swift */,
				F17DBC042008DB8400161F1A /* RealAPI.swift */,
				F17DBC052008DB8400161F1A /* NetworkHttpClient.swift */,
			);
			path = NetworkManager;
			sourceTree = "<group>";
		};
		F17DBC0A2008E0BE00161F1A /* AppSettings */ = {
			isa = PBXGroup;
			children = (
				F17DBC0C2008E0D900161F1A /* AppSettings.swift */,
				F17DBC0B2008E0D900161F1A /* AppSettingsManager.swift */,
			);
			path = AppSettings;
			sourceTree = "<group>";
		};
		F17DBC0F2008E0E200161F1A /* Resources */ = {
			isa = PBXGroup;
			children = (
				F17DBC102008E0F600161F1A /* AppSettings.plist */,
			);
			path = Resources;
			sourceTree = "<group>";
		};
		F17DBC122008E26800161F1A /* Helpers */ = {
			isa = PBXGroup;
			children = (
				F17DBC132008E27600161F1A /* Constants.swift */,
			);
			path = Helpers;
			sourceTree = "<group>";
		};
/* End PBXGroup section */

/* Begin PBXNativeTarget section */
		18DF1A97200881960061835C /* CurrencyConverter */ = {
			isa = PBXNativeTarget;
			buildConfigurationList = 18DF1AAA200881960061835C /* Build configuration list for PBXNativeTarget "CurrencyConverter" */;
			buildPhases = (
				1F7464C4E81AD9813DB7125B /* [CP] Check Pods Manifest.lock */,
				18DF1A94200881960061835C /* Sources */,
				18DF1A95200881960061835C /* Frameworks */,
				18DF1A96200881960061835C /* Resources */,
				5C9D185D5612ED77D0A94564 /* [CP] Embed Pods Frameworks */,
				AC1BC1D9F6A91FACC65ED0F4 /* [CP] Copy Pods Resources */,
			);
			buildRules = (
			);
			dependencies = (
			);
			name = CurrencyConverter;
			productName = CurrencyConverter;
			productReference = 18DF1A98200881960061835C /* CurrencyConverter.app */;
			productType = "com.apple.product-type.application";
		};
/* End PBXNativeTarget section */

/* Begin PBXProject section */
		18DF1A90200881960061835C /* Project object */ = {
			isa = PBXProject;
			attributes = {
				LastSwiftUpdateCheck = 0920;
				LastUpgradeCheck = 0920;
				ORGANIZATIONNAME = Apple;
				TargetAttributes = {
					18DF1A97200881960061835C = {
						CreatedOnToolsVersion = 9.2;
						ProvisioningStyle = Automatic;
					};
				};
			};
			buildConfigurationList = 18DF1A93200881960061835C /* Build configuration list for PBXProject "CurrencyConverter" */;
			compatibilityVersion = "Xcode 8.0";
			developmentRegion = en;
			hasScannedForEncodings = 0;
			knownRegions = (
				en,
				Base,
			);
			mainGroup = 18DF1A8F200881960061835C;
			productRefGroup = 18DF1A99200881960061835C /* Products */;
			projectDirPath = "";
			projectRoot = "";
			targets = (
				18DF1A97200881960061835C /* CurrencyConverter */,
			);
		};
/* End PBXProject section */

/* Begin PBXResourcesBuildPhase section */
		18DF1A96200881960061835C /* Resources */ = {
			isa = PBXResourcesBuildPhase;
			buildActionMask = 2147483647;
			files = (
				18DF1AA6200881960061835C /* LaunchScreen.storyboard in Resources */,
				F17DBC112008E0F600161F1A /* AppSettings.plist in Resources */,
				18DF1AA3200881960061835C /* Assets.xcassets in Resources */,
				18DF1AA1200881960061835C /* Main.storyboard in Resources */,
			);
			runOnlyForDeploymentPostprocessing = 0;
		};
/* End PBXResourcesBuildPhase section */

/* Begin PBXShellScriptBuildPhase section */
		1F7464C4E81AD9813DB7125B /* [CP] Check Pods Manifest.lock */ = {
			isa = PBXShellScriptBuildPhase;
			buildActionMask = 2147483647;
			files = (
			);
			inputPaths = (
				"${PODS_PODFILE_DIR_PATH}/Podfile.lock",
				"${PODS_ROOT}/Manifest.lock",
			);
			name = "[CP] Check Pods Manifest.lock";
			outputPaths = (
				"$(DERIVED_FILE_DIR)/Pods-CurrencyConverter-checkManifestLockResult.txt",
			);
			runOnlyForDeploymentPostprocessing = 0;
			shellPath = /bin/sh;
			shellScript = "diff \"${PODS_PODFILE_DIR_PATH}/Podfile.lock\" \"${PODS_ROOT}/Manifest.lock\" > /dev/null\nif [ $? != 0 ] ; then\n    # print error to STDERR\n    echo \"error: The sandbox is not in sync with the Podfile.lock. Run 'pod install' or update your CocoaPods installation.\" >&2\n    exit 1\nfi\n# This output is used by Xcode 'outputs' to avoid re-running this script phase.\necho \"SUCCESS\" > \"${SCRIPT_OUTPUT_FILE_0}\"\n";
			showEnvVarsInLog = 0;
		};
		5C9D185D5612ED77D0A94564 /* [CP] Embed Pods Frameworks */ = {
			isa = PBXShellScriptBuildPhase;
			buildActionMask = 2147483647;
			files = (
			);
			inputPaths = (
				"${SRCROOT}/Pods/Target Support Files/Pods-CurrencyConverter/Pods-CurrencyConverter-frameworks.sh",
				"${BUILT_PRODUCTS_DIR}/Alamofire/Alamofire.framework",
				"${BUILT_PRODUCTS_DIR}/AlamofireObjectMapper/AlamofireObjectMapper.framework",
				"${BUILT_PRODUCTS_DIR}/MarqueeLabel/MarqueeLabel.framework",
				"${BUILT_PRODUCTS_DIR}/NVActivityIndicatorView/NVActivityIndicatorView.framework",
				"${BUILT_PRODUCTS_DIR}/NotificationBannerSwift/NotificationBannerSwift.framework",
				"${BUILT_PRODUCTS_DIR}/ObjectMapper/ObjectMapper.framework",
				"${BUILT_PRODUCTS_DIR}/ReachabilitySwift/Reachability.framework",
				"${BUILT_PRODUCTS_DIR}/SnapKit/SnapKit.framework",
			);
			name = "[CP] Embed Pods Frameworks";
			outputPaths = (
				"${TARGET_BUILD_DIR}/${FRAMEWORKS_FOLDER_PATH}/Alamofire.framework",
				"${TARGET_BUILD_DIR}/${FRAMEWORKS_FOLDER_PATH}/AlamofireObjectMapper.framework",
				"${TARGET_BUILD_DIR}/${FRAMEWORKS_FOLDER_PATH}/MarqueeLabel.framework",
				"${TARGET_BUILD_DIR}/${FRAMEWORKS_FOLDER_PATH}/NVActivityIndicatorView.framework",
				"${TARGET_BUILD_DIR}/${FRAMEWORKS_FOLDER_PATH}/NotificationBannerSwift.framework",
				"${TARGET_BUILD_DIR}/${FRAMEWORKS_FOLDER_PATH}/ObjectMapper.framework",
				"${TARGET_BUILD_DIR}/${FRAMEWORKS_FOLDER_PATH}/Reachability.framework",
				"${TARGET_BUILD_DIR}/${FRAMEWORKS_FOLDER_PATH}/SnapKit.framework",
			);
			runOnlyForDeploymentPostprocessing = 0;
			shellPath = /bin/sh;
			shellScript = "\"${SRCROOT}/Pods/Target Support Files/Pods-CurrencyConverter/Pods-CurrencyConverter-frameworks.sh\"\n";
			showEnvVarsInLog = 0;
		};
		AC1BC1D9F6A91FACC65ED0F4 /* [CP] Copy Pods Resources */ = {
			isa = PBXShellScriptBuildPhase;
			buildActionMask = 2147483647;
			files = (
			);
			inputPaths = (
			);
			name = "[CP] Copy Pods Resources";
			outputPaths = (
			);
			runOnlyForDeploymentPostprocessing = 0;
			shellPath = /bin/sh;
			shellScript = "\"${SRCROOT}/Pods/Target Support Files/Pods-CurrencyConverter/Pods-CurrencyConverter-resources.sh\"\n";
			showEnvVarsInLog = 0;
		};
/* End PBXShellScriptBuildPhase section */

/* Begin PBXSourcesBuildPhase section */
		18DF1A94200881960061835C /* Sources */ = {
			isa = PBXSourcesBuildPhase;
			buildActionMask = 2147483647;
			files = (
				F17DBC092008DB8500161F1A /* NetworkHttpClient.swift in Sources */,
				F17DBC0E2008E0D900161F1A /* AppSettings.swift in Sources */,
				18DF1AB52008823C0061835C /* ConverterModels.swift in Sources */,
				18DF1AB62008823C0061835C /* ConverterPresenter.swift in Sources */,
				18DF1AB92008823C0061835C /* ConverterWorker.swift in Sources */,
				18DF1AB42008823C0061835C /* ConverterInteractor.swift in Sources */,
				F17DBC142008E27600161F1A /* Constants.swift in Sources */,
				F17DBC062008DB8500161F1A /* RequestManager.swift in Sources */,
				18DF1A9C200881960061835C /* AppDelegate.swift in Sources */,
				18DF1AB82008823C0061835C /* ConverterViewController.swift in Sources */,
				F17DBC082008DB8500161F1A /* RealAPI.swift in Sources */,
				F17DBC0D2008E0D900161F1A /* AppSettingsManager.swift in Sources */,
			);
			runOnlyForDeploymentPostprocessing = 0;
		};
/* End PBXSourcesBuildPhase section */

/* Begin PBXVariantGroup section */
		18DF1A9F200881960061835C /* Main.storyboard */ = {
			isa = PBXVariantGroup;
			children = (
				18DF1AA0200881960061835C /* Base */,
			);
			name = Main.storyboard;
			sourceTree = "<group>";
		};
		18DF1AA4200881960061835C /* LaunchScreen.storyboard */ = {
			isa = PBXVariantGroup;
			children = (
				18DF1AA5200881960061835C /* Base */,
			);
			name = LaunchScreen.storyboard;
			sourceTree = "<group>";
		};
/* End PBXVariantGroup section */

/* Begin XCBuildConfiguration section */
		18DF1AA8200881960061835C /* Debug */ = {
			isa = XCBuildConfiguration;
			buildSettings = {
				ALWAYS_SEARCH_USER_PATHS = NO;
				CLANG_ANALYZER_NONNULL = YES;
				CLANG_ANALYZER_NUMBER_OBJECT_CONVERSION = YES_AGGRESSIVE;
				CLANG_CXX_LANGUAGE_STANDARD = "gnu++14";
				CLANG_CXX_LIBRARY = "libc++";
				CLANG_ENABLE_MODULES = YES;
				CLANG_ENABLE_OBJC_ARC = YES;
				CLANG_WARN_BLOCK_CAPTURE_AUTORELEASING = YES;
				CLANG_WARN_BOOL_CONVERSION = YES;
				CLANG_WARN_COMMA = YES;
				CLANG_WARN_CONSTANT_CONVERSION = YES;
				CLANG_WARN_DIRECT_OBJC_ISA_USAGE = YES_ERROR;
				CLANG_WARN_DOCUMENTATION_COMMENTS = YES;
				CLANG_WARN_EMPTY_BODY = YES;
				CLANG_WARN_ENUM_CONVERSION = YES;
				CLANG_WARN_INFINITE_RECURSION = YES;
				CLANG_WARN_INT_CONVERSION = YES;
				CLANG_WARN_NON_LITERAL_NULL_CONVERSION = YES;
				CLANG_WARN_OBJC_LITERAL_CONVERSION = YES;
				CLANG_WARN_OBJC_ROOT_CLASS = YES_ERROR;
				CLANG_WARN_RANGE_LOOP_ANALYSIS = YES;
				CLANG_WARN_STRICT_PROTOTYPES = YES;
				CLANG_WARN_SUSPICIOUS_MOVE = YES;
				CLANG_WARN_UNGUARDED_AVAILABILITY = YES_AGGRESSIVE;
				CLANG_WARN_UNREACHABLE_CODE = YES;
				CLANG_WARN__DUPLICATE_METHOD_MATCH = YES;
				CODE_SIGN_IDENTITY = "iPhone Developer";
				COPY_PHASE_STRIP = NO;
				DEBUG_INFORMATION_FORMAT = dwarf;
				ENABLE_STRICT_OBJC_MSGSEND = YES;
				ENABLE_TESTABILITY = YES;
				GCC_C_LANGUAGE_STANDARD = gnu11;
				GCC_DYNAMIC_NO_PIC = NO;
				GCC_NO_COMMON_BLOCKS = YES;
				GCC_OPTIMIZATION_LEVEL = 0;
				GCC_PREPROCESSOR_DEFINITIONS = (
					"DEBUG=1",
					"$(inherited)",
				);
				GCC_WARN_64_TO_32_BIT_CONVERSION = YES;
				GCC_WARN_ABOUT_RETURN_TYPE = YES_ERROR;
				GCC_WARN_UNDECLARED_SELECTOR = YES;
				GCC_WARN_UNINITIALIZED_AUTOS = YES_AGGRESSIVE;
				GCC_WARN_UNUSED_FUNCTION = YES;
				GCC_WARN_UNUSED_VARIABLE = YES;
				IPHONEOS_DEPLOYMENT_TARGET = 11.2;
				MTL_ENABLE_DEBUG_INFO = YES;
				ONLY_ACTIVE_ARCH = YES;
				SDKROOT = iphoneos;
				SWIFT_ACTIVE_COMPILATION_CONDITIONS = DEBUG;
				SWIFT_OPTIMIZATION_LEVEL = "-Onone";
			};
			name = Debug;
		};
		18DF1AA9200881960061835C /* Release */ = {
			isa = XCBuildConfiguration;
			buildSettings = {
				ALWAYS_SEARCH_USER_PATHS = NO;
				CLANG_ANALYZER_NONNULL = YES;
				CLANG_ANALYZER_NUMBER_OBJECT_CONVERSION = YES_AGGRESSIVE;
				CLANG_CXX_LANGUAGE_STANDARD = "gnu++14";
				CLANG_CXX_LIBRARY = "libc++";
				CLANG_ENABLE_MODULES = YES;
				CLANG_ENABLE_OBJC_ARC = YES;
				CLANG_WARN_BLOCK_CAPTURE_AUTORELEASING = YES;
				CLANG_WARN_BOOL_CONVERSION = YES;
				CLANG_WARN_COMMA = YES;
				CLANG_WARN_CONSTANT_CONVERSION = YES;
				CLANG_WARN_DIRECT_OBJC_ISA_USAGE = YES_ERROR;
				CLANG_WARN_DOCUMENTATION_COMMENTS = YES;
				CLANG_WARN_EMPTY_BODY = YES;
				CLANG_WARN_ENUM_CONVERSION = YES;
				CLANG_WARN_INFINITE_RECURSION = YES;
				CLANG_WARN_INT_CONVERSION = YES;
				CLANG_WARN_NON_LITERAL_NULL_CONVERSION = YES;
				CLANG_WARN_OBJC_LITERAL_CONVERSION = YES;
				CLANG_WARN_OBJC_ROOT_CLASS = YES_ERROR;
				CLANG_WARN_RANGE_LOOP_ANALYSIS = YES;
				CLANG_WARN_STRICT_PROTOTYPES = YES;
				CLANG_WARN_SUSPICIOUS_MOVE = YES;
				CLANG_WARN_UNGUARDED_AVAILABILITY = YES_AGGRESSIVE;
				CLANG_WARN_UNREACHABLE_CODE = YES;
				CLANG_WARN__DUPLICATE_METHOD_MATCH = YES;
				CODE_SIGN_IDENTITY = "iPhone Developer";
				COPY_PHASE_STRIP = NO;
				DEBUG_INFORMATION_FORMAT = "dwarf-with-dsym";
				ENABLE_NS_ASSERTIONS = NO;
				ENABLE_STRICT_OBJC_MSGSEND = YES;
				GCC_C_LANGUAGE_STANDARD = gnu11;
				GCC_NO_COMMON_BLOCKS = YES;
				GCC_WARN_64_TO_32_BIT_CONVERSION = YES;
				GCC_WARN_ABOUT_RETURN_TYPE = YES_ERROR;
				GCC_WARN_UNDECLARED_SELECTOR = YES;
				GCC_WARN_UNINITIALIZED_AUTOS = YES_AGGRESSIVE;
				GCC_WARN_UNUSED_FUNCTION = YES;
				GCC_WARN_UNUSED_VARIABLE = YES;
				IPHONEOS_DEPLOYMENT_TARGET = 11.2;
				MTL_ENABLE_DEBUG_INFO = NO;
				SDKROOT = iphoneos;
				SWIFT_OPTIMIZATION_LEVEL = "-Owholemodule";
				VALIDATE_PRODUCT = YES;
			};
			name = Release;
		};
		18DF1AAB200881960061835C /* Debug */ = {
			isa = XCBuildConfiguration;
			baseConfigurationReference = 93194F7E01C634786FB788DE /* Pods-CurrencyConverter.debug.xcconfig */;
			buildSettings = {
				ASSETCATALOG_COMPILER_APPICON_NAME = AppIcon;
				CODE_SIGN_STYLE = Automatic;
				INFOPLIST_FILE = CurrencyConverter/Info.plist;
				LD_RUNPATH_SEARCH_PATHS = "$(inherited) @executable_path/Frameworks";
				PRODUCT_BUNDLE_IDENTIFIER = com.apple.CurrencyConverter;
				PRODUCT_NAME = "$(TARGET_NAME)";
				SWIFT_VERSION = 4.0;
				TARGETED_DEVICE_FAMILY = "1,2";
			};
			name = Debug;
		};
		18DF1AAC200881960061835C /* Release */ = {
			isa = XCBuildConfiguration;
			baseConfigurationReference = 4D3521677444EB16D11557D6 /* Pods-CurrencyConverter.release.xcconfig */;
			buildSettings = {
				ASSETCATALOG_COMPILER_APPICON_NAME = AppIcon;
				CODE_SIGN_STYLE = Automatic;
				INFOPLIST_FILE = CurrencyConverter/Info.plist;
				LD_RUNPATH_SEARCH_PATHS = "$(inherited) @executable_path/Frameworks";
				PRODUCT_BUNDLE_IDENTIFIER = com.apple.CurrencyConverter;
				PRODUCT_NAME = "$(TARGET_NAME)";
				SWIFT_VERSION = 4.0;
				TARGETED_DEVICE_FAMILY = "1,2";
			};
			name = Release;
		};
/* End XCBuildConfiguration section */

/* Begin XCConfigurationList section */
		18DF1A93200881960061835C /* Build configuration list for PBXProject "CurrencyConverter" */ = {
			isa = XCConfigurationList;
			buildConfigurations = (
				18DF1AA8200881960061835C /* Debug */,
				18DF1AA9200881960061835C /* Release */,
			);
			defaultConfigurationIsVisible = 0;
			defaultConfigurationName = Release;
		};
		18DF1AAA200881960061835C /* Build configuration list for PBXNativeTarget "CurrencyConverter" */ = {
			isa = XCConfigurationList;
			buildConfigurations = (
				18DF1AAB200881960061835C /* Debug */,
				18DF1AAC200881960061835C /* Release */,
			);
			defaultConfigurationIsVisible = 0;
			defaultConfigurationName = Release;
		};
/* End XCConfigurationList section */
	};
	rootObject = 18DF1A90200881960061835C /* Project object */;
}
